
Microsoft Visual Studio Solution File, Format Version 12.00
# Visual Studio Version 17
VisualStudioVersion = 17.1.32228.430
MinimumVisualStudioVersion = 10.0.40219.1
Project("{FAE04EC0-301F-11D3-BF4B-00C04F79EFBC}") = "FFLogsPolice", "FFLogsPolice.csproj", "{A6F72A72-39B8-4B59-8843-D14630F8523E}"
EndProject
Project("{2150E333-8FDC-42A3-9474-1A3956D46DE8}") = "解决方案项", "解决方案项", "{07811D82-A2CA-4A19-A976-1DE54EEA2967}"
	ProjectSection(SolutionItems) = preProject
		HttpListenerServer.cs = HttpListenerServer.cs
	EndProjectSection
EndProject
Global
	GlobalSection(SolutionConfigurationPlatforms) = preSolution
		Debug|Any CPU = Debug|Any CPU
		Release|Any CPU = Release|Any CPU
	EndGlobalSection
	GlobalSection(ProjectConfigurationPlatforms) = postSolution
		{A6F72A72-39B8-4B59-8843-D14630F8523E}.Debug|Any CPU.ActiveCfg = Debug|Any CPU
		{A6F72A72-39B8-4B59-8843-D14630F8523E}.Debug|Any CPU.Build.0 = Debug|Any CPU
		{A6F72A72-39B8-4B59-8843-D14630F8523E}.Release|Any CPU.ActiveCfg = Release|Any CPU
		{A6F72A72-39B8-4B59-8843-D14630F8523E}.Release|Any CPU.Build.0 = Release|Any CPU
	EndGlobalSection
	GlobalSection(SolutionProperties) = preSolution
		HideSolutionNode = FALSE
	EndGlobalSection
	GlobalSection(ExtensibilityGlobals) = postSolution
		SolutionGuid = {4AD83D61-FE66-4A15-8779-63DF9D50839D}
	EndGlobalSection
EndGlobal
